
Microsoft Visual Studio Solution File, Format Version 12.00
# Visual Studio 15
VisualStudioVersion = 15.0.26730.12
MinimumVisualStudioVersion = 10.0.40219.1
Project("{8BC9CEB8-8B4A-11D0-8D11-00A0C91BC942}") = "mps_genesim", "mps_genesim.vcxproj", "{8283CC68-C05F-4B58-ACB1-6C1CF32CCC2A}"
EndProject
Project("{8BC9CEB8-8B4A-11D0-8D11-00A0C91BC942}") = "mps_snesim_tree", "mps_snesim_tree.vcxproj", "{533B0ECD-17EC-4B53-967A-EBEAE8D1436E}"
EndProject
Project("{8BC9CEB8-8B4A-11D0-8D11-00A0C91BC942}") = "mps_snesim_list", "mps_snesim_list.vcxproj", "{B72C3F65-E85E-4291-B8F4-271F1323202F}"
EndProject
Global
	GlobalSection(SolutionConfigurationPlatforms) = preSolution
		Debug|ARM = Debug|ARM
		Debug|x64 = Debug|x64
		Debug|x86 = Debug|x86
		Release|ARM = Release|ARM
		Release|x64 = Release|x64
		Release|x86 = Release|x86
	EndGlobalSection
	GlobalSection(ProjectConfigurationPlatforms) = postSolution
		{8283CC68-C05F-4B58-ACB1-6C1CF32CCC2A}.Debug|ARM.ActiveCfg = Debug|Win32
		{8283CC68-C05F-4B58-ACB1-6C1CF32CCC2A}.Debug|x64.ActiveCfg = Debug|x64
		{8283CC68-C05F-4B58-ACB1-6C1CF32CCC2A}.Debug|x64.Build.0 = Debug|x64
		{8283CC68-C05F-4B58-ACB1-6C1CF32CCC2A}.Debug|x86.ActiveCfg = Debug|Win32
		{8283CC68-C05F-4B58-ACB1-6C1CF32CCC2A}.Debug|x86.Build.0 = Debug|Win32
		{8283CC68-C05F-4B58-ACB1-6C1CF32CCC2A}.Release|ARM.ActiveCfg = Release|Win32
		{8283CC68-C05F-4B58-ACB1-6C1CF32CCC2A}.Release|x64.ActiveCfg = Release|x64
		{8283CC68-C05F-4B58-ACB1-6C1CF32CCC2A}.Release|x64.Build.0 = Release|x64
		{8283CC68-C05F-4B58-ACB1-6C1CF32CCC2A}.Release|x86.ActiveCfg = Release|Win32
		{8283CC68-C05F-4B58-ACB1-6C1CF32CCC2A}.Release|x86.Build.0 = Release|Win32
		{533B0ECD-17EC-4B53-967A-EBEAE8D1436E}.Debug|ARM.ActiveCfg = Debug|Win32
		{533B0ECD-17EC-4B53-967A-EBEAE8D1436E}.Debug|x64.ActiveCfg = Debug|x64
		{533B0ECD-17EC-4B53-967A-EBEAE8D1436E}.Debug|x64.Build.0 = Debug|x64
		{533B0ECD-17EC-4B53-967A-EBEAE8D1436E}.Debug|x86.ActiveCfg = Debug|Win32
		{533B0ECD-17EC-4B53-967A-EBEAE8D1436E}.Debug|x86.Build.0 = Debug|Win32
		{533B0ECD-17EC-4B53-967A-EBEAE8D1436E}.Release|ARM.ActiveCfg = Release|Win32
		{533B0ECD-17EC-4B53-967A-EBEAE8D1436E}.Release|x64.ActiveCfg = Release|x64
		{533B0ECD-17EC-4B53-967A-EBEAE8D1436E}.Release|x64.Build.0 = Release|x64
		{533B0ECD-17EC-4B53-967A-EBEAE8D1436E}.Release|x86.ActiveCfg = Release|Win32
		{533B0ECD-17EC-4B53-967A-EBEAE8D1436E}.Release|x86.Build.0 = Release|Win32
		{B72C3F65-E85E-4291-B8F4-271F1323202F}.Debug|ARM.ActiveCfg = Debug|Win32
		{B72C3F65-E85E-4291-B8F4-271F1323202F}.Debug|x64.ActiveCfg = Debug|x64
		{B72C3F65-E85E-4291-B8F4-271F1323202F}.Debug|x64.Build.0 = Debug|x64
		{B72C3F65-E85E-4291-B8F4-271F1323202F}.Debug|x86.ActiveCfg = Debug|Win32
		{B72C3F65-E85E-4291-B8F4-271F1323202F}.Debug|x86.Build.0 = Debug|Win32
		{B72C3F65-E85E-4291-B8F4-271F1323202F}.Release|ARM.ActiveCfg = Release|Win32
		{B72C3F65-E85E-4291-B8F4-271F1323202F}.Release|x64.ActiveCfg = Release|x64
		{B72C3F65-E85E-4291-B8F4-271F1323202F}.Release|x64.Build.0 = Release|x64
		{B72C3F65-E85E-4291-B8F4-271F1323202F}.Release|x86.ActiveCfg = Release|Win32
		{B72C3F65-E85E-4291-B8F4-271F1323202F}.Release|x86.Build.0 = Release|Win32
	EndGlobalSection
	GlobalSection(SolutionProperties) = preSolution
		HideSolutionNode = FALSE
	EndGlobalSection
	GlobalSection(ExtensibilityGlobals) = postSolution
		SolutionGuid = {823F3ACA-7023-4AE7-8772-067179C6A469}
	EndGlobalSection
EndGlobal
